
Microsoft Visual Studio Solution File, Format Version 12.00
# Visual Studio Version 17
VisualStudioVersion = 17.8.34330.188
MinimumVisualStudioVersion = 10.0.40219.1
Project("{9A19103F-16F7-4668-BE54-9A1E7A4F7556}") = "LessCoreInputLag", "LessCoreInputLag\LessCoreInputLag.csproj", "{E8FAEADB-6B28-48E6-BC86-CC3548CB2F66}"
EndProject
Global
	GlobalSection(SolutionConfigurationPlatforms) = preSolution
		Debug|Any CPU = Debug|Any CPU
		Release|Any CPU = Release|Any CPU
	EndGlobalSection
	GlobalSection(ProjectConfigurationPlatforms) = postSolution
		{E8FAEADB-6B28-48E6-BC86-CC3548CB2F66}.Debug|Any CPU.ActiveCfg = Debug|Any CPU
		{E8FAEADB-6B28-48E6-BC86-CC3548CB2F66}.Debug|Any CPU.Build.0 = Debug|Any CPU
		{E8FAEADB-6B28-48E6-BC86-CC3548CB2F66}.Release|Any CPU.ActiveCfg = Release|Any CPU
		{E8FAEADB-6B28-48E6-BC86-CC3548CB2F66}.Release|Any CPU.Build.0 = Release|Any CPU
	EndGlobalSection
	GlobalSection(SolutionProperties) = preSolution
		HideSolutionNode = FALSE
	EndGlobalSection
	GlobalSection(ExtensibilityGlobals) = postSolution
		SolutionGuid = {A3E76B7F-46DC-476A-97F0-0BE57D0F3F08}
	EndGlobalSection
EndGlobal
